
Microsoft Visual Studio Solution File, Format Version 12.00
# Visual Studio Version 17
VisualStudioVersion = 17.7.34031.279
MinimumVisualStudioVersion = 10.0.40219.1
Project("{FAE04EC0-301F-11D3-BF4B-00C04F79EFBC}") = "CloudWeather.Report", "CloudWeather.Report\CloudWeather.Report.csproj", "{7C99C140-5C84-4FC2-999F-9755CDEE4B06}"
EndProject
Project("{FAE04EC0-301F-11D3-BF4B-00C04F79EFBC}") = "CloudWeather.Temprature", "CloudWeather.Temprature\CloudWeather.Temprature.csproj", "{6CCCE136-10E6-4307-BD40-67EE6B0AF775}"
EndProject
Project("{FAE04EC0-301F-11D3-BF4B-00C04F79EFBC}") = "CloudWeather.Precipitation", "CloudWeather.Precipitation\CloudWeather.Precipitation.csproj", "{F6862819-84AD-45CD-A0E1-EF62B1193DDE}"
EndProject
Project("{FAE04EC0-301F-11D3-BF4B-00C04F79EFBC}") = "CloudWeather.DataLoader", "CloudWeather.DataLoader\CloudWeather.DataLoader.csproj", "{6F8D8FDA-46A1-40BC-8901-DD790AD86A9D}"
EndProject
Global
	GlobalSection(SolutionConfigurationPlatforms) = preSolution
		Debug|Any CPU = Debug|Any CPU
		Release|Any CPU = Release|Any CPU
	EndGlobalSection
	GlobalSection(ProjectConfigurationPlatforms) = postSolution
		{7C99C140-5C84-4FC2-999F-9755CDEE4B06}.Debug|Any CPU.ActiveCfg = Debug|Any CPU
		{7C99C140-5C84-4FC2-999F-9755CDEE4B06}.Debug|Any CPU.Build.0 = Debug|Any CPU
		{7C99C140-5C84-4FC2-999F-9755CDEE4B06}.Release|Any CPU.ActiveCfg = Release|Any CPU
		{7C99C140-5C84-4FC2-999F-9755CDEE4B06}.Release|Any CPU.Build.0 = Release|Any CPU
		{6CCCE136-10E6-4307-BD40-67EE6B0AF775}.Debug|Any CPU.ActiveCfg = Debug|Any CPU
		{6CCCE136-10E6-4307-BD40-67EE6B0AF775}.Debug|Any CPU.Build.0 = Debug|Any CPU
		{6CCCE136-10E6-4307-BD40-67EE6B0AF775}.Release|Any CPU.ActiveCfg = Release|Any CPU
		{6CCCE136-10E6-4307-BD40-67EE6B0AF775}.Release|Any CPU.Build.0 = Release|Any CPU
		{F6862819-84AD-45CD-A0E1-EF62B1193DDE}.Debug|Any CPU.ActiveCfg = Debug|Any CPU
		{F6862819-84AD-45CD-A0E1-EF62B1193DDE}.Debug|Any CPU.Build.0 = Debug|Any CPU
		{F6862819-84AD-45CD-A0E1-EF62B1193DDE}.Release|Any CPU.ActiveCfg = Release|Any CPU
		{F6862819-84AD-45CD-A0E1-EF62B1193DDE}.Release|Any CPU.Build.0 = Release|Any CPU
		{6F8D8FDA-46A1-40BC-8901-DD790AD86A9D}.Debug|Any CPU.ActiveCfg = Debug|Any CPU
		{6F8D8FDA-46A1-40BC-8901-DD790AD86A9D}.Debug|Any CPU.Build.0 = Debug|Any CPU
		{6F8D8FDA-46A1-40BC-8901-DD790AD86A9D}.Release|Any CPU.ActiveCfg = Release|Any CPU
		{6F8D8FDA-46A1-40BC-8901-DD790AD86A9D}.Release|Any CPU.Build.0 = Release|Any CPU
	EndGlobalSection
	GlobalSection(SolutionProperties) = preSolution
		HideSolutionNode = FALSE
	EndGlobalSection
	GlobalSection(ExtensibilityGlobals) = postSolution
		SolutionGuid = {48BC1CA3-78F5-4D5A-97AB-846F5340A379}
	EndGlobalSection
EndGlobal
